
Microsoft Visual Studio Solution File, Format Version 12.00
# Visual Studio Version 17
VisualStudioVersion = 17.4.33103.184
MinimumVisualStudioVersion = 10.0.40219.1
Project("{9A19103F-16F7-4668-BE54-9A1E7A4F7556}") = "WEB_0535005_Vashkevich", "WEB_0535005_Vashkevich\WEB_0535005_Vashkevich.csproj", "{CD945833-A199-42D0-A943-B9C2B81E1EBB}"
EndProject
Project("{9A19103F-16F7-4668-BE54-9A1E7A4F7556}") = "WEB_0535005_Vashkevich.Blazor.Server", "WEB_0535005_Vashkevich.Blazor\Server\WEB_0535005_Vashkevich.Blazor.Server.csproj", "{8E413D14-B7F9-43F5-823B-AD05CE5A523C}"
EndProject
Project("{9A19103F-16F7-4668-BE54-9A1E7A4F7556}") = "WEB_0535005_Vashkevich.Blazor.Client", "WEB_0535005_Vashkevich.Blazor\Client\WEB_0535005_Vashkevich.Blazor.Client.csproj", "{1E94826D-0C6A-4323-904B-C00C6877BB2F}"
EndProject
Project("{9A19103F-16F7-4668-BE54-9A1E7A4F7556}") = "WEB_0535005_Vashkevich.Blazor.Shared", "WEB_0535005_Vashkevich.Blazor\Shared\WEB_0535005_Vashkevich.Blazor.Shared.csproj", "{829D014E-510B-478D-B490-686775ED6F77}"
EndProject
Global
	GlobalSection(SolutionConfigurationPlatforms) = preSolution
		Debug|Any CPU = Debug|Any CPU
		Release|Any CPU = Release|Any CPU
	EndGlobalSection
	GlobalSection(ProjectConfigurationPlatforms) = postSolution
		{CD945833-A199-42D0-A943-B9C2B81E1EBB}.Debug|Any CPU.ActiveCfg = Release|Any CPU
		{CD945833-A199-42D0-A943-B9C2B81E1EBB}.Debug|Any CPU.Build.0 = Release|Any CPU
		{CD945833-A199-42D0-A943-B9C2B81E1EBB}.Release|Any CPU.ActiveCfg = Release|Any CPU
		{CD945833-A199-42D0-A943-B9C2B81E1EBB}.Release|Any CPU.Build.0 = Release|Any CPU
		{8E413D14-B7F9-43F5-823B-AD05CE5A523C}.Debug|Any CPU.ActiveCfg = Debug|Any CPU
		{8E413D14-B7F9-43F5-823B-AD05CE5A523C}.Debug|Any CPU.Build.0 = Debug|Any CPU
		{8E413D14-B7F9-43F5-823B-AD05CE5A523C}.Release|Any CPU.ActiveCfg = Release|Any CPU
		{8E413D14-B7F9-43F5-823B-AD05CE5A523C}.Release|Any CPU.Build.0 = Release|Any CPU
		{1E94826D-0C6A-4323-904B-C00C6877BB2F}.Debug|Any CPU.ActiveCfg = Debug|Any CPU
		{1E94826D-0C6A-4323-904B-C00C6877BB2F}.Debug|Any CPU.Build.0 = Debug|Any CPU
		{1E94826D-0C6A-4323-904B-C00C6877BB2F}.Release|Any CPU.ActiveCfg = Release|Any CPU
		{1E94826D-0C6A-4323-904B-C00C6877BB2F}.Release|Any CPU.Build.0 = Release|Any CPU
		{829D014E-510B-478D-B490-686775ED6F77}.Debug|Any CPU.ActiveCfg = Debug|Any CPU
		{829D014E-510B-478D-B490-686775ED6F77}.Debug|Any CPU.Build.0 = Debug|Any CPU
		{829D014E-510B-478D-B490-686775ED6F77}.Release|Any CPU.ActiveCfg = Release|Any CPU
		{829D014E-510B-478D-B490-686775ED6F77}.Release|Any CPU.Build.0 = Release|Any CPU
	EndGlobalSection
	GlobalSection(SolutionProperties) = preSolution
		HideSolutionNode = FALSE
	EndGlobalSection
	GlobalSection(ExtensibilityGlobals) = postSolution
		SolutionGuid = {2FE3984B-5595-43F4-B853-B747D4F7BA54}
	EndGlobalSection
EndGlobal
